// !$*UTF8*$!
{
	archiveVersion = 1;
	classes = {
	};
	objectVersion = 46;
	objects = {

/* Begin PBXBuildFile section */
		A2927125190EB5E100CD3E87 /* Foundation.framework in Frameworks */ = {isa = PBXBuildFile; fileRef = A2927124190EB5E100CD3E87 /* Foundation.framework */; };
		A2927127190EB5E100CD3E87 /* CoreGraphics.framework in Frameworks */ = {isa = PBXBuildFile; fileRef = A2927126190EB5E100CD3E87 /* CoreGraphics.framework */; };
		A2927129190EB5E100CD3E87 /* UIKit.framework in Frameworks */ = {isa = PBXBuildFile; fileRef = A2927128190EB5E100CD3E87 /* UIKit.framework */; };
		A292712F190EB5E100CD3E87 /* InfoPlist.strings in Resources */ = {isa = PBXBuildFile; fileRef = A292712D190EB5E100CD3E87 /* InfoPlist.strings */; };
		A2927131190EB5E100CD3E87 /* main.m in Sources */ = {isa = PBXBuildFile; fileRef = A2927130190EB5E100CD3E87 /* main.m */; };
		A2927135190EB5E100CD3E87 /* AppDelegate.m in Sources */ = {isa = PBXBuildFile; fileRef = A2927134190EB5E100CD3E87 /* AppDelegate.m */; };
		A2927137190EB5E100CD3E87 /* Images.xcassets in Resources */ = {isa = PBXBuildFile; fileRef = A2927136190EB5E100CD3E87 /* Images.xcassets */; };
		A292713E190EB5E100CD3E87 /* XCTest.framework in Frameworks */ = {isa = PBXBuildFile; fileRef = A292713D190EB5E100CD3E87 /* XCTest.framework */; };
		A292713F190EB5E100CD3E87 /* Foundation.framework in Frameworks */ = {isa = PBXBuildFile; fileRef = A2927124190EB5E100CD3E87 /* Foundation.framework */; };
		A2927140190EB5E100CD3E87 /* UIKit.framework in Frameworks */ = {isa = PBXBuildFile; fileRef = A2927128190EB5E100CD3E87 /* UIKit.framework */; };
		A2927148190EB5E100CD3E87 /* InfoPlist.strings in Resources */ = {isa = PBXBuildFile; fileRef = A2927146190EB5E100CD3E87 /* InfoPlist.strings */; };
		A292714A190EB5E100CD3E87 /* NewCountDownTimerTests.m in Sources */ = {isa = PBXBuildFile; fileRef = A2927149190EB5E100CD3E87 /* NewCountDownTimerTests.m */; };
		A2927156190EB65A00CD3E87 /* HomeViewController.m in Sources */ = {isa = PBXBuildFile; fileRef = A2927154190EB65A00CD3E87 /* HomeViewController.m */; };
		A2927157190EB65A00CD3E87 /* HomeViewController.xib in Resources */ = {isa = PBXBuildFile; fileRef = A2927155190EB65A00CD3E87 /* HomeViewController.xib */; };
		A292715B190EB7A200CD3E87 /* CountDownViewController.m in Sources */ = {isa = PBXBuildFile; fileRef = A2927159190EB7A200CD3E87 /* CountDownViewController.m */; };
		A292715C190EB7A200CD3E87 /* CountDownViewController.xib in Resources */ = {isa = PBXBuildFile; fileRef = A292715A190EB7A200CD3E87 /* CountDownViewController.xib */; };
/* End PBXBuildFile section */

/* Begin PBXContainerItemProxy section */
		A2927141190EB5E100CD3E87 /* PBXContainerItemProxy */ = {
			isa = PBXContainerItemProxy;
			containerPortal = A2927119190EB5E100CD3E87 /* Project object */;
			proxyType = 1;
			remoteGlobalIDString = A2927120190EB5E100CD3E87;
			remoteInfo = NewCountDownTimer;
		};
/* End PBXContainerItemProxy section */

/* Begin PBXFileReference section */
		A2927121190EB5E100CD3E87 /* NewCountDownTimer.app */ = {isa = PBXFileReference; explicitFileType = wrapper.application; includeInIndex = 0; path = NewCountDownTimer.app; sourceTree = BUILT_PRODUCTS_DIR; };
		A2927124190EB5E100CD3E87 /* Foundation.framework */ = {isa = PBXFileReference; lastKnownFileType = wrapper.framework; name = Foundation.framework; path = System/Library/Frameworks/Foundation.framework; sourceTree = SDKROOT; };
		A2927126190EB5E100CD3E87 /* CoreGraphics.framework */ = {isa = PBXFileReference; lastKnownFileType = wrapper.framework; name = CoreGraphics.framework; path = System/Library/Frameworks/CoreGraphics.framework; sourceTree = SDKROOT; };
		A2927128190EB5E100CD3E87 /* UIKit.framework */ = {isa = PBXFileReference; lastKnownFileType = wrapper.framework; name = UIKit.framework; path = System/Library/Frameworks/UIKit.framework; sourceTree = SDKROOT; };
		A292712C190EB5E100CD3E87 /* NewCountDownTimer-Info.plist */ = {isa = PBXFileReference; lastKnownFileType = text.plist.xml; path = "NewCountDownTimer-Info.plist"; sourceTree = "<group>"; };
		A292712E190EB5E100CD3E87 /* en */ = {isa = PBXFileReference; lastKnownFileType = text.plist.strings; name = en; path = en.lproj/InfoPlist.strings; sourceTree = "<group>"; };
		A2927130190EB5E100CD3E87 /* main.m */ = {isa = PBXFileReference; lastKnownFileType = sourcecode.c.objc; path = main.m; sourceTree = "<group>"; };
		A2927132190EB5E100CD3E87 /* NewCountDownTimer-Prefix.pch */ = {isa = PBXFileReference; lastKnownFileType = sourcecode.c.h; path = "NewCountDownTimer-Prefix.pch"; sourceTree = "<group>"; };
		A2927133190EB5E100CD3E87 /* AppDelegate.h */ = {isa = PBXFileReference; lastKnownFileType = sourcecode.c.h; path = AppDelegate.h; sourceTree = "<group>"; };
		A2927134190EB5E100CD3E87 /* AppDelegate.m */ = {isa = PBXFileReference; lastKnownFileType = sourcecode.c.objc; path = AppDelegate.m; sourceTree = "<group>"; };
		A2927136190EB5E100CD3E87 /* Images.xcassets */ = {isa = PBXFileReference; lastKnownFileType = folder.assetcatalog; path = Images.xcassets; sourceTree = "<group>"; };
		A292713C190EB5E100CD3E87 /* NewCountDownTimerTests.xctest */ = {isa = PBXFileReference; explicitFileType = wrapper.cfbundle; includeInIndex = 0; path = NewCountDownTimerTests.xctest; sourceTree = BUILT_PRODUCTS_DIR; };
		A292713D190EB5E100CD3E87 /* XCTest.framework */ = {isa = PBXFileReference; lastKnownFileType = wrapper.framework; name = XCTest.framework; path = Library/Frameworks/XCTest.framework; sourceTree = DEVELOPER_DIR; };
		A2927145190EB5E100CD3E87 /* NewCountDownTimerTests-Info.plist */ = {isa = PBXFileReference; lastKnownFileType = text.plist.xml; path = "NewCountDownTimerTests-Info.plist"; sourceTree = "<group>"; };
		A2927147190EB5E100CD3E87 /* en */ = {isa = PBXFileReference; lastKnownFileType = text.plist.strings; name = en; path = en.lproj/InfoPlist.strings; sourceTree = "<group>"; };
		A2927149190EB5E100CD3E87 /* NewCountDownTimerTests.m */ = {isa = PBXFileReference; lastKnownFileType = sourcecode.c.objc; path = NewCountDownTimerTests.m; sourceTree = "<group>"; };
		A2927153190EB65A00CD3E87 /* HomeViewController.h */ = {isa = PBXFileReference; fileEncoding = 4; lastKnownFileType = sourcecode.c.h; path = HomeViewController.h; sourceTree = "<group>"; };
		A2927154190EB65A00CD3E87 /* HomeViewController.m */ = {isa = PBXFileReference; fileEncoding = 4; lastKnownFileType = sourcecode.c.objc; path = HomeViewController.m; sourceTree = "<group>"; };
		A2927155190EB65A00CD3E87 /* HomeViewController.xib */ = {isa = PBXFileReference; fileEncoding = 4; lastKnownFileType = file.xib; path = HomeViewController.xib; sourceTree = "<group>"; };
		A2927158190EB7A200CD3E87 /* CountDownViewController.h */ = {isa = PBXFileReference; fileEncoding = 4; lastKnownFileType = sourcecode.c.h; path = CountDownViewController.h; sourceTree = "<group>"; };
		A2927159190EB7A200CD3E87 /* CountDownViewController.m */ = {isa = PBXFileReference; fileEncoding = 4; lastKnownFileType = sourcecode.c.objc; path = CountDownViewController.m; sourceTree = "<group>"; };
		A292715A190EB7A200CD3E87 /* CountDownViewController.xib */ = {isa = PBXFileReference; fileEncoding = 4; lastKnownFileType = file.xib; path = CountDownViewController.xib; sourceTree = "<group>"; };
/* End PBXFileReference section */

/* Begin PBXFrameworksBuildPhase section */
		A292711E190EB5E100CD3E87 /* Frameworks */ = {
			isa = PBXFrameworksBuildPhase;
			buildActionMask = 2147483647;
			files = (
				A2927127190EB5E100CD3E87 /* CoreGraphics.framework in Frameworks */,
				A2927129190EB5E100CD3E87 /* UIKit.framework in Frameworks */,
				A2927125190EB5E100CD3E87 /* Foundation.framework in Frameworks */,
			);
			runOnlyForDeploymentPostprocessing = 0;
		};
		A2927139190EB5E100CD3E87 /* Frameworks */ = {
			isa = PBXFrameworksBuildPhase;
			buildActionMask = 2147483647;
			files = (
				A292713E190EB5E100CD3E87 /* XCTest.framework in Frameworks */,
				A2927140190EB5E100CD3E87 /* UIKit.framework in Frameworks */,
				A292713F190EB5E100CD3E87 /* Foundation.framework in Frameworks */,
			);
			runOnlyForDeploymentPostprocessing = 0;
		};
/* End PBXFrameworksBuildPhase section */

/* Begin PBXGroup section */
		A2927118190EB5E100CD3E87 = {
			isa = PBXGroup;
			children = (
				A2927153190EB65A00CD3E87 /* HomeViewController.h */,
				A2927154190EB65A00CD3E87 /* HomeViewController.m */,
				A2927155190EB65A00CD3E87 /* HomeViewController.xib */,
				A2927158190EB7A200CD3E87 /* CountDownViewController.h */,
				A2927159190EB7A200CD3E87 /* CountDownViewController.m */,
				A292715A190EB7A200CD3E87 /* CountDownViewController.xib */,
				A292712A190EB5E100CD3E87 /* NewCountDownTimer */,
				A2927143190EB5E100CD3E87 /* NewCountDownTimerTests */,
				A2927123190EB5E100CD3E87 /* Frameworks */,
				A2927122190EB5E100CD3E87 /* Products */,
			);
			sourceTree = "<group>";
		};
		A2927122190EB5E100CD3E87 /* Products */ = {
			isa = PBXGroup;
			children = (
				A2927121190EB5E100CD3E87 /* NewCountDownTimer.app */,
				A292713C190EB5E100CD3E87 /* NewCountDownTimerTests.xctest */,
			);
			name = Products;
			sourceTree = "<group>";
		};
		A2927123190EB5E100CD3E87 /* Frameworks */ = {
			isa = PBXGroup;
			children = (
				A2927124190EB5E100CD3E87 /* Foundation.framework */,
				A2927126190EB5E100CD3E87 /* CoreGraphics.framework */,
				A2927128190EB5E100CD3E87 /* UIKit.framework */,
				A292713D190EB5E100CD3E87 /* XCTest.framework */,
			);
			name = Frameworks;
			sourceTree = "<group>";
		};
		A292712A190EB5E100CD3E87 /* NewCountDownTimer */ = {
			isa = PBXGroup;
			children = (
				A2927133190EB5E100CD3E87 /* AppDelegate.h */,
				A2927134190EB5E100CD3E87 /* AppDelegate.m */,
				A2927136190EB5E100CD3E87 /* Images.xcassets */,
				A292712B190EB5E100CD3E87 /* Supporting Files */,
			);
			path = NewCountDownTimer;
			sourceTree = "<group>";
		};
		A292712B190EB5E100CD3E87 /* Supporting Files */ = {
			isa = PBXGroup;
			children = (
				A292712C190EB5E100CD3E87 /* NewCountDownTimer-Info.plist */,
				A292712D190EB5E100CD3E87 /* InfoPlist.strings */,
				A2927130190EB5E100CD3E87 /* main.m */,
				A2927132190EB5E100CD3E87 /* NewCountDownTimer-Prefix.pch */,
			);
			name = "Supporting Files";
			sourceTree = "<group>";
		};
		A2927143190EB5E100CD3E87 /* NewCountDownTimerTests */ = {
			isa = PBXGroup;
			children = (
				A2927149190EB5E100CD3E87 /* NewCountDownTimerTests.m */,
				A2927144190EB5E100CD3E87 /* Supporting Files */,
			);
			path = NewCountDownTimerTests;
			sourceTree = "<group>";
		};
		A2927144190EB5E100CD3E87 /* Supporting Files */ = {
			isa = PBXGroup;
			children = (
				A2927145190EB5E100CD3E87 /* NewCountDownTimerTests-Info.plist */,
				A2927146190EB5E100CD3E87 /* InfoPlist.strings */,
			);
			name = "Supporting Files";
			sourceTree = "<group>";
		};
/* End PBXGroup section */

/* Begin PBXNativeTarget section */
		A2927120190EB5E100CD3E87 /* NewCountDownTimer */ = {
			isa = PBXNativeTarget;
			buildConfigurationList = A292714D190EB5E100CD3E87 /* Build configuration list for PBXNativeTarget "NewCountDownTimer" */;
			buildPhases = (
				A292711D190EB5E100CD3E87 /* Sources */,
				A292711E190EB5E100CD3E87 /* Frameworks */,
				A292711F190EB5E100CD3E87 /* Resources */,
			);
			buildRules = (
			);
			dependencies = (
			);
			name = NewCountDownTimer;
			productName = NewCountDownTimer;
			productReference = A2927121190EB5E100CD3E87 /* NewCountDownTimer.app */;
			productType = "com.apple.product-type.application";
		};
		A292713B190EB5E100CD3E87 /* NewCountDownTimerTests */ = {
			isa = PBXNativeTarget;
			buildConfigurationList = A2927150190EB5E100CD3E87 /* Build configuration list for PBXNativeTarget "NewCountDownTimerTests" */;
			buildPhases = (
				A2927138190EB5E100CD3E87 /* Sources */,
				A2927139190EB5E100CD3E87 /* Frameworks */,
				A292713A190EB5E100CD3E87 /* Resources */,
			);
			buildRules = (
			);
			dependencies = (
				A2927142190EB5E100CD3E87 /* PBXTargetDependency */,
			);
			name = NewCountDownTimerTests;
			productName = NewCountDownTimerTests;
			productReference = A292713C190EB5E100CD3E87 /* NewCountDownTimerTests.xctest */;
			productType = "com.apple.product-type.bundle.unit-test";
		};
/* End PBXNativeTarget section */

/* Begin PBXProject section */
		A2927119190EB5E100CD3E87 /* Project object */ = {
			isa = PBXProject;
			attributes = {
				LastUpgradeCheck = 0510;
				ORGANIZATIONNAME = "Bradley Robert Schmidt";
				TargetAttributes = {
					A292713B190EB5E100CD3E87 = {
						TestTargetID = A2927120190EB5E100CD3E87;
					};
				};
			};
			buildConfigurationList = A292711C190EB5E100CD3E87 /* Build configuration list for PBXProject "NewCountDownTimer" */;
			compatibilityVersion = "Xcode 3.2";
			developmentRegion = English;
			hasScannedForEncodings = 0;
			knownRegions = (
				en,
			);
			mainGroup = A2927118190EB5E100CD3E87;
			productRefGroup = A2927122190EB5E100CD3E87 /* Products */;
			projectDirPath = "";
			projectRoot = "";
			targets = (
				A2927120190EB5E100CD3E87 /* NewCountDownTimer */,
				A292713B190EB5E100CD3E87 /* NewCountDownTimerTests */,
			);
		};
/* End PBXProject section */

/* Begin PBXResourcesBuildPhase section */
		A292711F190EB5E100CD3E87 /* Resources */ = {
			isa = PBXResourcesBuildPhase;
			buildActionMask = 2147483647;
			files = (
				A292715C190EB7A200CD3E87 /* CountDownViewController.xib in Resources */,
				A292712F190EB5E100CD3E87 /* InfoPlist.strings in Resources */,
				A2927137190EB5E100CD3E87 /* Images.xcassets in Resources */,
				A2927157190EB65A00CD3E87 /* HomeViewController.xib in Resources */,
			);
			runOnlyForDeploymentPostprocessing = 0;
		};
		A292713A190EB5E100CD3E87 /* Resources */ = {
			isa = PBXResourcesBuildPhase;
			buildActionMask = 2147483647;
			files = (
				A2927148190EB5E100CD3E87 /* InfoPlist.strings in Resources */,
			);
			runOnlyForDeploymentPostprocessing = 0;
		};
/* End PBXResourcesBuildPhase section */

/* Begin PBXSourcesBuildPhase section */
		A292711D190EB5E100CD3E87 /* Sources */ = {
			isa = PBXSourcesBuildPhase;
			buildActionMask = 2147483647;
			files = (
				A292715B190EB7A200CD3E87 /* CountDownViewController.m in Sources */,
				A2927135190EB5E100CD3E87 /* AppDelegate.m in Sources */,
				A2927131190EB5E100CD3E87 /* main.m in Sources */,
				A2927156190EB65A00CD3E87 /* HomeViewController.m in Sources */,
			);
			runOnlyForDeploymentPostprocessing = 0;
		};
		A2927138190EB5E100CD3E87 /* Sources */ = {
			isa = PBXSourcesBuildPhase;
			buildActionMask = 2147483647;
			files = (
				A292714A190EB5E100CD3E87 /* NewCountDownTimerTests.m in Sources */,
			);
			runOnlyForDeploymentPostprocessing = 0;
		};
/* End PBXSourcesBuildPhase section */

/* Begin PBXTargetDependency section */
		A2927142190EB5E100CD3E87 /* PBXTargetDependency */ = {
			isa = PBXTargetDependency;
			target = A2927120190EB5E100CD3E87 /* NewCountDownTimer */;
			targetProxy = A2927141190EB5E100CD3E87 /* PBXContainerItemProxy */;
		};
/* End PBXTargetDependency section */

/* Begin PBXVariantGroup section */
		A292712D190EB5E100CD3E87 /* InfoPlist.strings */ = {
			isa = PBXVariantGroup;
			children = (
				A292712E190EB5E100CD3E87 /* en */,
			);
			name = InfoPlist.strings;
			sourceTree = "<group>";
		};
		A2927146190EB5E100CD3E87 /* InfoPlist.strings */ = {
			isa = PBXVariantGroup;
			children = (
				A2927147190EB5E100CD3E87 /* en */,
			);
			name = InfoPlist.strings;
			sourceTree = "<group>";
		};
/* End PBXVariantGroup section */

/* Begin XCBuildConfiguration section */
		A292714B190EB5E100CD3E87 /* Debug */ = {
			isa = XCBuildConfiguration;
			buildSettings = {
				ALWAYS_SEARCH_USER_PATHS = NO;
				CLANG_CXX_LANGUAGE_STANDARD = "gnu++0x";
				CLANG_CXX_LIBRARY = "libc++";
				CLANG_ENABLE_MODULES = YES;
				CLANG_ENABLE_OBJC_ARC = YES;
				CLANG_WARN_BOOL_CONVERSION = YES;
				CLANG_WARN_CONSTANT_CONVERSION = YES;
				CLANG_WARN_DIRECT_OBJC_ISA_USAGE = YES_ERROR;
				CLANG_WARN_EMPTY_BODY = YES;
				CLANG_WARN_ENUM_CONVERSION = YES;
				CLANG_WARN_INT_CONVERSION = YES;
				CLANG_WARN_OBJC_ROOT_CLASS = YES_ERROR;
				CLANG_WARN__DUPLICATE_METHOD_MATCH = YES;
				"CODE_SIGN_IDENTITY[sdk=iphoneos*]" = "iPhone Developer";
				COPY_PHASE_STRIP = NO;
				GCC_C_LANGUAGE_STANDARD = gnu99;
				GCC_DYNAMIC_NO_PIC = NO;
				GCC_OPTIMIZATION_LEVEL = 0;
				GCC_PREPROCESSOR_DEFINITIONS = (
					"DEBUG=1",
					"$(inherited)",
				);
				GCC_SYMBOLS_PRIVATE_EXTERN = NO;
				GCC_WARN_64_TO_32_BIT_CONVERSION = YES;
				GCC_WARN_ABOUT_RETURN_TYPE = YES_ERROR;
				GCC_WARN_UNDECLARED_SELECTOR = YES;
				GCC_WARN_UNINITIALIZED_AUTOS = YES_AGGRESSIVE;
				GCC_WARN_UNUSED_FUNCTION = YES;
				GCC_WARN_UNUSED_VARIABLE = YES;
				IPHONEOS_DEPLOYMENT_TARGET = 7.1;
				ONLY_ACTIVE_ARCH = YES;
				SDKROOT = iphoneos;
				TARGETED_DEVICE_FAMILY = "1,2";
			};
			name = Debug;
		};
		A292714C190EB5E100CD3E87 /* Release */ = {
			isa = XCBuildConfiguration;
			buildSettings = {
				ALWAYS_SEARCH_USER_PATHS = NO;
				CLANG_CXX_LANGUAGE_STANDARD = "gnu++0x";
				CLANG_CXX_LIBRARY = "libc++";
				CLANG_ENABLE_MODULES = YES;
				CLANG_ENABLE_OBJC_ARC = YES;
				CLANG_WARN_BOOL_CONVERSION = YES;
				CLANG_WARN_CONSTANT_CONVERSION = YES;
				CLANG_WARN_DIRECT_OBJC_ISA_USAGE = YES_ERROR;
				CLANG_WARN_EMPTY_BODY = YES;
				CLANG_WARN_ENUM_CONVERSION = YES;
				CLANG_WARN_INT_CONVERSION = YES;
				CLANG_WARN_OBJC_ROOT_CLASS = YES_ERROR;
				CLANG_WARN__DUPLICATE_METHOD_MATCH = YES;
				"CODE_SIGN_IDENTITY[sdk=iphoneos*]" = "iPhone Developer";
				COPY_PHASE_STRIP = YES;
				ENABLE_NS_ASSERTIONS = NO;
				GCC_C_LANGUAGE_STANDARD = gnu99;
				GCC_WARN_64_TO_32_BIT_CONVERSION = YES;
				GCC_WARN_ABOUT_RETURN_TYPE = YES_ERROR;
				GCC_WARN_UNDECLARED_SELECTOR = YES;
				GCC_WARN_UNINITIALIZED_AUTOS = YES_AGGRESSIVE;
				GCC_WARN_UNUSED_FUNCTION = YES;
				GCC_WARN_UNUSED_VARIABLE = YES;
				IPHONEOS_DEPLOYMENT_TARGET = 7.1;
				SDKROOT = iphoneos;
				TARGETED_DEVICE_FAMILY = "1,2";
				VALIDATE_PRODUCT = YES;
			};
			name = Release;
		};
		A292714E190EB5E100CD3E87 /* Debug */ = {
			isa = XCBuildConfiguration;
			buildSettings = {
				ASSETCATALOG_COMPILER_APPICON_NAME = AppIcon;
				ASSETCATALOG_COMPILER_LAUNCHIMAGE_NAME = LaunchImage;
				GCC_PRECOMPILE_PREFIX_HEADER = YES;
				GCC_PREFIX_HEADER = "NewCountDownTimer/NewCountDownTimer-Prefix.pch";
				INFOPLIST_FILE = "NewCountDownTimer/NewCountDownTimer-Info.plist";
				PRODUCT_NAME = "$(TARGET_NAME)";
				WRAPPER_EXTENSION = app;
			};
			name = Debug;
		};
		A292714F190EB5E100CD3E87 /* Release */ = {
			isa = XCBuildConfiguration;
			buildSettings = {
				ASSETCATALOG_COMPILER_APPICON_NAME = AppIcon;
				ASSETCATALOG_COMPILER_LAUNCHIMAGE_NAME = LaunchImage;
				GCC_PRECOMPILE_PREFIX_HEADER = YES;
				GCC_PREFIX_HEADER = "NewCountDownTimer/NewCountDownTimer-Prefix.pch";
				INFOPLIST_FILE = "NewCountDownTimer/NewCountDownTimer-Info.plist";
				PRODUCT_NAME = "$(TARGET_NAME)";
				WRAPPER_EXTENSION = app;
			};
			name = Release;
		};
		A2927151190EB5E100CD3E87 /* Debug */ = {
			isa = XCBuildConfiguration;
			buildSettings = {
				BUNDLE_LOADER = "$(BUILT_PRODUCTS_DIR)/NewCountDownTimer.app/NewCountDownTimer";
				FRAMEWORK_SEARCH_PATHS = (
					"$(SDKROOT)/Developer/Library/Frameworks",
					"$(inherited)",
					"$(DEVELOPER_FRAMEWORKS_DIR)",
				);
				GCC_PRECOMPILE_PREFIX_HEADER = YES;
				GCC_PREFIX_HEADER = "NewCountDownTimer/NewCountDownTimer-Prefix.pch";
				GCC_PREPROCESSOR_DEFINITIONS = (
					"DEBUG=1",
					"$(inherited)",
				);
				INFOPLIST_FILE = "NewCountDownTimerTests/NewCountDownTimerTests-Info.plist";
				PRODUCT_NAME = "$(TARGET_NAME)";
				TEST_HOST = "$(BUNDLE_LOADER)";
				WRAPPER_EXTENSION = xctest;
			};
			name = Debug;
		};
		A2927152190EB5E100CD3E87 /* Release */ = {
			isa = XCBuildConfiguration;
			buildSettings = {
				BUNDLE_LOADER = "$(BUILT_PRODUCTS_DIR)/NewCountDownTimer.app/NewCountDownTimer";
				FRAMEWORK_SEARCH_PATHS = (
					"$(SDKROOT)/Developer/Library/Frameworks",
					"$(inherited)",
					"$(DEVELOPER_FRAMEWORKS_DIR)",
				);
				GCC_PRECOMPILE_PREFIX_HEADER = YES;
				GCC_PREFIX_HEADER = "NewCountDownTimer/NewCountDownTimer-Prefix.pch";
				INFOPLIST_FILE = "NewCountDownTimerTests/NewCountDownTimerTests-Info.plist";
				PRODUCT_NAME = "$(TARGET_NAME)";
				TEST_HOST = "$(BUNDLE_LOADER)";
				WRAPPER_EXTENSION = xctest;
			};
			name = Release;
		};
/* End XCBuildConfiguration section */

/* Begin XCConfigurationList section */
		A292711C190EB5E100CD3E87 /* Build configuration list for PBXProject "NewCountDownTimer" */ = {
			isa = XCConfigurationList;
			buildConfigurations = (
				A292714B190EB5E100CD3E87 /* Debug */,
				A292714C190EB5E100CD3E87 /* Release */,
			);
			defaultConfigurationIsVisible = 0;
			defaultConfigurationName = Release;
		};
		A292714D190EB5E100CD3E87 /* Build configuration list for PBXNativeTarget "NewCountDownTimer" */ = {
			isa = XCConfigurationList;
			buildConfigurations = (
				A292714E190EB5E100CD3E87 /* Debug */,
				A292714F190EB5E100CD3E87 /* Release */,
			);
			defaultConfigurationIsVisible = 0;
		};
		A2927150190EB5E100CD3E87 /* Build configuration list for PBXNativeTarget "NewCountDownTimerTests" */ = {
			isa = XCConfigurationList;
			buildConfigurations = (
				A2927151190EB5E100CD3E87 /* Debug */,
				A2927152190EB5E100CD3E87 /* Release */,
			);
			defaultConfigurationIsVisible = 0;
		};
/* End XCConfigurationList section */
	};
	rootObject = A2927119190EB5E100CD3E87 /* Project object */;
}
